// !$*UTF8*$!
{
	archiveVersion = 1;
	classes = {
	};
	objectVersion = 51;
	objects = {

/* Begin PBXBuildFile section */
		70360950E569AE0E20ECE098 /* Pods_ReactivePicturesTests.framework in Frameworks */ = {isa = PBXBuildFile; fileRef = EEFD09A370CD10828B011290 /* Pods_ReactivePicturesTests.framework */; };
		994FAA102486851E00024BBF /* APIKeys.swift in Sources */ = {isa = PBXBuildFile; fileRef = 994FAA0F2486851E00024BBF /* APIKeys.swift */; };
		994FAA132486857800024BBF /* AppCoordinator.swift in Sources */ = {isa = PBXBuildFile; fileRef = 994FAA122486857800024BBF /* AppCoordinator.swift */; };
		994FAA272486970A00024BBF /* Coordinator.swift in Sources */ = {isa = PBXBuildFile; fileRef = 994FAA262486970A00024BBF /* Coordinator.swift */; };
		994FAA292486976F00024BBF /* PhotosCoordinator.swift in Sources */ = {isa = PBXBuildFile; fileRef = 994FAA282486976F00024BBF /* PhotosCoordinator.swift */; };
		994FAA2C24869A1F00024BBF /* PhotosViewController.swift in Sources */ = {isa = PBXBuildFile; fileRef = 994FAA2A24869A1F00024BBF /* PhotosViewController.swift */; };
		994FAA2D24869A1F00024BBF /* PhotosViewController.xib in Resources */ = {isa = PBXBuildFile; fileRef = 994FAA2B24869A1F00024BBF /* PhotosViewController.xib */; };
		994FAA2F24869BBD00024BBF /* PhotosViewModelImplementation.swift in Sources */ = {isa = PBXBuildFile; fileRef = 994FAA2E24869BBD00024BBF /* PhotosViewModelImplementation.swift */; };
		994FAA312486D09700024BBF /* UnsplashPhotosService.swift in Sources */ = {isa = PBXBuildFile; fileRef = 994FAA302486D09700024BBF /* UnsplashPhotosService.swift */; };
		994FAA332486D0D000024BBF /* DataLoadingService.swift in Sources */ = {isa = PBXBuildFile; fileRef = 994FAA322486D0D000024BBF /* DataLoadingService.swift */; };
		994FAA352486D0E900024BBF /* DataToImageService.swift in Sources */ = {isa = PBXBuildFile; fileRef = 994FAA342486D0E900024BBF /* DataToImageService.swift */; };
		99AFE6962487D316002F9868 /* BaseUrls.swift in Sources */ = {isa = PBXBuildFile; fileRef = 99AFE6952487D316002F9868 /* BaseUrls.swift */; };
		99AFE6982487D365002F9868 /* UnsplashPhoto.swift in Sources */ = {isa = PBXBuildFile; fileRef = 99AFE6972487D365002F9868 /* UnsplashPhoto.swift */; };
		99AFE69A2487D37D002F9868 /* NetworkError.swift in Sources */ = {isa = PBXBuildFile; fileRef = 99AFE6992487D37D002F9868 /* NetworkError.swift */; };
		99AFE69C2487D3A8002F9868 /* NetworkClient.swift in Sources */ = {isa = PBXBuildFile; fileRef = 99AFE69B2487D3A8002F9868 /* NetworkClient.swift */; };
		99AFE69E2487D531002F9868 /* UnsplashEndpoints.swift in Sources */ = {isa = PBXBuildFile; fileRef = 99AFE69D2487D531002F9868 /* UnsplashEndpoints.swift */; };
		99AFE6A02487D752002F9868 /* Dimensions.swift in Sources */ = {isa = PBXBuildFile; fileRef = 99AFE69F2487D752002F9868 /* Dimensions.swift */; };
		99CFDF512486836B0016244A /* AppDelegate.swift in Sources */ = {isa = PBXBuildFile; fileRef = 99CFDF502486836B0016244A /* AppDelegate.swift */; };
		99CFDF532486836B0016244A /* SceneDelegate.swift in Sources */ = {isa = PBXBuildFile; fileRef = 99CFDF522486836B0016244A /* SceneDelegate.swift */; };
		99CFDF5A2486836E0016244A /* Assets.xcassets in Resources */ = {isa = PBXBuildFile; fileRef = 99CFDF592486836E0016244A /* Assets.xcassets */; };
		99CFDF5D2486836E0016244A /* LaunchScreen.storyboard in Resources */ = {isa = PBXBuildFile; fileRef = 99CFDF5B2486836E0016244A /* LaunchScreen.storyboard */; };
		99CFDF682486836F0016244A /* ReactivePicturesTests.swift in Sources */ = {isa = PBXBuildFile; fileRef = 99CFDF672486836F0016244A /* ReactivePicturesTests.swift */; };
		AD755C33607184F767A22898 /* Pods_ReactivePictures.framework in Frameworks */ = {isa = PBXBuildFile; fileRef = 8AE8AC511E2DF6FECB4950A8 /* Pods_ReactivePictures.framework */; };
/* End PBXBuildFile section */

/* Begin PBXContainerItemProxy section */
		99CFDF642486836F0016244A /* PBXContainerItemProxy */ = {
			isa = PBXContainerItemProxy;
			containerPortal = 99CFDF452486836B0016244A /* Project object */;
			proxyType = 1;
			remoteGlobalIDString = 99CFDF4C2486836B0016244A;
			remoteInfo = ReactivePictures;
		};
/* End PBXContainerItemProxy section */

/* Begin PBXFileReference section */
		17CD4B1BBB0325010C36A630 /* Pods-ReactivePictures.debug.xcconfig */ = {isa = PBXFileReference; includeInIndex = 1; lastKnownFileType = text.xcconfig; name = "Pods-ReactivePictures.debug.xcconfig"; path = "Target Support Files/Pods-ReactivePictures/Pods-ReactivePictures.debug.xcconfig"; sourceTree = "<group>"; };
		336BCD33540A58C53C50C799 /* Pods-ReactivePicturesTests.debug.xcconfig */ = {isa = PBXFileReference; includeInIndex = 1; lastKnownFileType = text.xcconfig; name = "Pods-ReactivePicturesTests.debug.xcconfig"; path = "Target Support Files/Pods-ReactivePicturesTests/Pods-ReactivePicturesTests.debug.xcconfig"; sourceTree = "<group>"; };
		8AE8AC511E2DF6FECB4950A8 /* Pods_ReactivePictures.framework */ = {isa = PBXFileReference; explicitFileType = wrapper.framework; includeInIndex = 0; path = Pods_ReactivePictures.framework; sourceTree = BUILT_PRODUCTS_DIR; };
		994FAA0F2486851E00024BBF /* APIKeys.swift */ = {isa = PBXFileReference; lastKnownFileType = sourcecode.swift; path = APIKeys.swift; sourceTree = "<group>"; };
		994FAA122486857800024BBF /* AppCoordinator.swift */ = {isa = PBXFileReference; lastKnownFileType = sourcecode.swift; path = AppCoordinator.swift; sourceTree = "<group>"; };
		994FAA262486970A00024BBF /* Coordinator.swift */ = {isa = PBXFileReference; lastKnownFileType = sourcecode.swift; path = Coordinator.swift; sourceTree = "<group>"; };
		994FAA282486976F00024BBF /* PhotosCoordinator.swift */ = {isa = PBXFileReference; lastKnownFileType = sourcecode.swift; path = PhotosCoordinator.swift; sourceTree = "<group>"; };
		994FAA2A24869A1F00024BBF /* PhotosViewController.swift */ = {isa = PBXFileReference; lastKnownFileType = sourcecode.swift; path = PhotosViewController.swift; sourceTree = "<group>"; };
		994FAA2B24869A1F00024BBF /* PhotosViewController.xib */ = {isa = PBXFileReference; lastKnownFileType = file.xib; path = PhotosViewController.xib; sourceTree = "<group>"; };
		994FAA2E24869BBD00024BBF /* PhotosViewModelImplementation.swift */ = {isa = PBXFileReference; lastKnownFileType = sourcecode.swift; path = PhotosViewModelImplementation.swift; sourceTree = "<group>"; };
		994FAA302486D09700024BBF /* UnsplashPhotosService.swift */ = {isa = PBXFileReference; lastKnownFileType = sourcecode.swift; path = UnsplashPhotosService.swift; sourceTree = "<group>"; };
		994FAA322486D0D000024BBF /* DataLoadingService.swift */ = {isa = PBXFileReference; lastKnownFileType = sourcecode.swift; path = DataLoadingService.swift; sourceTree = "<group>"; };
		994FAA342486D0E900024BBF /* DataToImageService.swift */ = {isa = PBXFileReference; lastKnownFileType = sourcecode.swift; path = DataToImageService.swift; sourceTree = "<group>"; };
		99AFE6952487D316002F9868 /* BaseUrls.swift */ = {isa = PBXFileReference; lastKnownFileType = sourcecode.swift; path = BaseUrls.swift; sourceTree = "<group>"; };
		99AFE6972487D365002F9868 /* UnsplashPhoto.swift */ = {isa = PBXFileReference; lastKnownFileType = sourcecode.swift; path = UnsplashPhoto.swift; sourceTree = "<group>"; };
		99AFE6992487D37D002F9868 /* NetworkError.swift */ = {isa = PBXFileReference; lastKnownFileType = sourcecode.swift; path = NetworkError.swift; sourceTree = "<group>"; };
		99AFE69B2487D3A8002F9868 /* NetworkClient.swift */ = {isa = PBXFileReference; lastKnownFileType = sourcecode.swift; path = NetworkClient.swift; sourceTree = "<group>"; };
		99AFE69D2487D531002F9868 /* UnsplashEndpoints.swift */ = {isa = PBXFileReference; lastKnownFileType = sourcecode.swift; path = UnsplashEndpoints.swift; sourceTree = "<group>"; };
		99AFE69F2487D752002F9868 /* Dimensions.swift */ = {isa = PBXFileReference; lastKnownFileType = sourcecode.swift; path = Dimensions.swift; sourceTree = "<group>"; };
		99CFDF4D2486836B0016244A /* ReactivePictures.app */ = {isa = PBXFileReference; explicitFileType = wrapper.application; includeInIndex = 0; path = ReactivePictures.app; sourceTree = BUILT_PRODUCTS_DIR; };
		99CFDF502486836B0016244A /* AppDelegate.swift */ = {isa = PBXFileReference; lastKnownFileType = sourcecode.swift; path = AppDelegate.swift; sourceTree = "<group>"; };
		99CFDF522486836B0016244A /* SceneDelegate.swift */ = {isa = PBXFileReference; lastKnownFileType = sourcecode.swift; path = SceneDelegate.swift; sourceTree = "<group>"; };
		99CFDF592486836E0016244A /* Assets.xcassets */ = {isa = PBXFileReference; lastKnownFileType = folder.assetcatalog; path = Assets.xcassets; sourceTree = "<group>"; };
		99CFDF5C2486836E0016244A /* Base */ = {isa = PBXFileReference; lastKnownFileType = file.storyboard; name = Base; path = Base.lproj/LaunchScreen.storyboard; sourceTree = "<group>"; };
		99CFDF5E2486836E0016244A /* Info.plist */ = {isa = PBXFileReference; lastKnownFileType = text.plist.xml; path = Info.plist; sourceTree = "<group>"; };
		99CFDF632486836F0016244A /* ReactivePicturesTests.xctest */ = {isa = PBXFileReference; explicitFileType = wrapper.cfbundle; includeInIndex = 0; path = ReactivePicturesTests.xctest; sourceTree = BUILT_PRODUCTS_DIR; };
		99CFDF672486836F0016244A /* ReactivePicturesTests.swift */ = {isa = PBXFileReference; lastKnownFileType = sourcecode.swift; path = ReactivePicturesTests.swift; sourceTree = "<group>"; };
		99CFDF692486836F0016244A /* Info.plist */ = {isa = PBXFileReference; lastKnownFileType = text.plist.xml; path = Info.plist; sourceTree = "<group>"; };
		C99AA2FD01A1CEC4BE641A17 /* Pods-ReactivePictures.release.xcconfig */ = {isa = PBXFileReference; includeInIndex = 1; lastKnownFileType = text.xcconfig; name = "Pods-ReactivePictures.release.xcconfig"; path = "Target Support Files/Pods-ReactivePictures/Pods-ReactivePictures.release.xcconfig"; sourceTree = "<group>"; };
		EEFD09A370CD10828B011290 /* Pods_ReactivePicturesTests.framework */ = {isa = PBXFileReference; explicitFileType = wrapper.framework; includeInIndex = 0; path = Pods_ReactivePicturesTests.framework; sourceTree = BUILT_PRODUCTS_DIR; };
		FEC2C8EC53D5CA9DD1985D1E /* Pods-ReactivePicturesTests.release.xcconfig */ = {isa = PBXFileReference; includeInIndex = 1; lastKnownFileType = text.xcconfig; name = "Pods-ReactivePicturesTests.release.xcconfig"; path = "Target Support Files/Pods-ReactivePicturesTests/Pods-ReactivePicturesTests.release.xcconfig"; sourceTree = "<group>"; };
/* End PBXFileReference section */

/* Begin PBXFrameworksBuildPhase section */
		99CFDF4A2486836B0016244A /* Frameworks */ = {
			isa = PBXFrameworksBuildPhase;
			buildActionMask = 2147483647;
			files = (
				AD755C33607184F767A22898 /* Pods_ReactivePictures.framework in Frameworks */,
			);
			runOnlyForDeploymentPostprocessing = 0;
		};
		99CFDF602486836F0016244A /* Frameworks */ = {
			isa = PBXFrameworksBuildPhase;
			buildActionMask = 2147483647;
			files = (
				70360950E569AE0E20ECE098 /* Pods_ReactivePicturesTests.framework in Frameworks */,
			);
			runOnlyForDeploymentPostprocessing = 0;
		};
/* End PBXFrameworksBuildPhase section */

/* Begin PBXGroup section */
		726058484D1060A681BD81F7 /* Pods */ = {
			isa = PBXGroup;
			children = (
				17CD4B1BBB0325010C36A630 /* Pods-ReactivePictures.debug.xcconfig */,
				C99AA2FD01A1CEC4BE641A17 /* Pods-ReactivePictures.release.xcconfig */,
				336BCD33540A58C53C50C799 /* Pods-ReactivePicturesTests.debug.xcconfig */,
				FEC2C8EC53D5CA9DD1985D1E /* Pods-ReactivePicturesTests.release.xcconfig */,
			);
			path = Pods;
			sourceTree = "<group>";
		};
		994FAA112486855A00024BBF /* ApplicationLayer */ = {
			isa = PBXGroup;
			children = (
				99CFDF502486836B0016244A /* AppDelegate.swift */,
				99CFDF522486836B0016244A /* SceneDelegate.swift */,
				994FAA122486857800024BBF /* AppCoordinator.swift */,
			);
			path = ApplicationLayer;
			sourceTree = "<group>";
		};
		994FAA142486858100024BBF /* PresentationLayer */ = {
			isa = PBXGroup;
			children = (
				994FAA16248685B300024BBF /* Coordinator */,
				994FAA17248685C300024BBF /* Scenes */,
			);
			path = PresentationLayer;
			sourceTree = "<group>";
		};
		994FAA152486859B00024BBF /* BusinessLogicLayer */ = {
			isa = PBXGroup;
			children = (
				994FAA2024868C7D00024BBF /* Services */,
				994FAA2124868C8500024BBF /* Models */,
			);
			path = BusinessLogicLayer;
			sourceTree = "<group>";
		};
		994FAA16248685B300024BBF /* Coordinator */ = {
			isa = PBXGroup;
			children = (
				994FAA262486970A00024BBF /* Coordinator.swift */,
			);
			path = Coordinator;
			sourceTree = "<group>";
		};
		994FAA17248685C300024BBF /* Scenes */ = {
			isa = PBXGroup;
			children = (
				994FAA18248685D000024BBF /* Photos */,
				994FAA19248685D800024BBF /* Photo Detail */,
			);
			path = Scenes;
			sourceTree = "<group>";
		};
		994FAA18248685D000024BBF /* Photos */ = {
			isa = PBXGroup;
			children = (
				994FAA1C24868C4F00024BBF /* View */,
				994FAA1B24868C4A00024BBF /* ViewModel */,
				994FAA1A24868C4000024BBF /* Coordinator */,
			);
			path = Photos;
			sourceTree = "<group>";
		};
		994FAA19248685D800024BBF /* Photo Detail */ = {
			isa = PBXGroup;
			children = (
				994FAA1F24868C6C00024BBF /* View */,
				994FAA1E24868C6600024BBF /* ViewModel */,
				994FAA1D24868C5F00024BBF /* Coordinator */,
			);
			path = "Photo Detail";
			sourceTree = "<group>";
		};
		994FAA1A24868C4000024BBF /* Coordinator */ = {
			isa = PBXGroup;
			children = (
				994FAA282486976F00024BBF /* PhotosCoordinator.swift */,
			);
			path = Coordinator;
			sourceTree = "<group>";
		};
		994FAA1B24868C4A00024BBF /* ViewModel */ = {
			isa = PBXGroup;
			children = (
				994FAA2E24869BBD00024BBF /* PhotosViewModelImplementation.swift */,
			);
			path = ViewModel;
			sourceTree = "<group>";
		};
		994FAA1C24868C4F00024BBF /* View */ = {
			isa = PBXGroup;
			children = (
				994FAA2A24869A1F00024BBF /* PhotosViewController.swift */,
				994FAA2B24869A1F00024BBF /* PhotosViewController.xib */,
			);
			path = View;
			sourceTree = "<group>";
		};
		994FAA1D24868C5F00024BBF /* Coordinator */ = {
			isa = PBXGroup;
			children = (
			);
			path = Coordinator;
			sourceTree = "<group>";
		};
		994FAA1E24868C6600024BBF /* ViewModel */ = {
			isa = PBXGroup;
			children = (
			);
			path = ViewModel;
			sourceTree = "<group>";
		};
		994FAA1F24868C6C00024BBF /* View */ = {
			isa = PBXGroup;
			children = (
			);
			name = View;
			sourceTree = "<group>";
		};
		994FAA2024868C7D00024BBF /* Services */ = {
			isa = PBXGroup;
			children = (
				994FAA302486D09700024BBF /* UnsplashPhotosService.swift */,
				994FAA322486D0D000024BBF /* DataLoadingService.swift */,
				994FAA342486D0E900024BBF /* DataToImageService.swift */,
			);
			path = Services;
			sourceTree = "<group>";
		};
		994FAA2124868C8500024BBF /* Models */ = {
			isa = PBXGroup;
			children = (
				99AFE6972487D365002F9868 /* UnsplashPhoto.swift */,
			);
			path = Models;
			sourceTree = "<group>";
		};
		994FAA2224868CAA00024BBF /* CoreLayer */ = {
			isa = PBXGroup;
			children = (
				994FAA2524868CC500024BBF /* Resources */,
				994FAA2424868CBE00024BBF /* Utilities */,
				994FAA2324868CB600024BBF /* Network */,
			);
			path = CoreLayer;
			sourceTree = "<group>";
		};
		994FAA2324868CB600024BBF /* Network */ = {
			isa = PBXGroup;
			children = (
				994FAA0F2486851E00024BBF /* APIKeys.swift */,
				99AFE6952487D316002F9868 /* BaseUrls.swift */,
				99AFE6992487D37D002F9868 /* NetworkError.swift */,
				99AFE69B2487D3A8002F9868 /* NetworkClient.swift */,
				99AFE69D2487D531002F9868 /* UnsplashEndpoints.swift */,
			);
			path = Network;
			sourceTree = "<group>";
		};
		994FAA2424868CBE00024BBF /* Utilities */ = {
			isa = PBXGroup;
			children = (
				99AFE69F2487D752002F9868 /* Dimensions.swift */,
			);
			path = Utilities;
			sourceTree = "<group>";
		};
		994FAA2524868CC500024BBF /* Resources */ = {
			isa = PBXGroup;
			children = (
				99CFDF592486836E0016244A /* Assets.xcassets */,
				99CFDF5E2486836E0016244A /* Info.plist */,
			);
			path = Resources;
			sourceTree = "<group>";
		};
		99AFE6942487D2E8002F9868 /* SupportingFiles */ = {
			isa = PBXGroup;
			children = (
				99CFDF5B2486836E0016244A /* LaunchScreen.storyboard */,
			);
			path = SupportingFiles;
			sourceTree = "<group>";
		};
		99CFDF442486836B0016244A = {
			isa = PBXGroup;
			children = (
				99CFDF4F2486836B0016244A /* ReactivePictures */,
				99CFDF662486836F0016244A /* ReactivePicturesTests */,
				99CFDF4E2486836B0016244A /* Products */,
				726058484D1060A681BD81F7 /* Pods */,
				CE6CC5FD27EFDE3496BD4189 /* Frameworks */,
			);
			sourceTree = "<group>";
		};
		99CFDF4E2486836B0016244A /* Products */ = {
			isa = PBXGroup;
			children = (
				99CFDF4D2486836B0016244A /* ReactivePictures.app */,
				99CFDF632486836F0016244A /* ReactivePicturesTests.xctest */,
			);
			name = Products;
			sourceTree = "<group>";
		};
		99CFDF4F2486836B0016244A /* ReactivePictures */ = {
			isa = PBXGroup;
			children = (
				994FAA112486855A00024BBF /* ApplicationLayer */,
				994FAA142486858100024BBF /* PresentationLayer */,
				994FAA152486859B00024BBF /* BusinessLogicLayer */,
				994FAA2224868CAA00024BBF /* CoreLayer */,
				99AFE6942487D2E8002F9868 /* SupportingFiles */,
			);
			path = ReactivePictures;
			sourceTree = "<group>";
		};
		99CFDF662486836F0016244A /* ReactivePicturesTests */ = {
			isa = PBXGroup;
			children = (
				99CFDF672486836F0016244A /* ReactivePicturesTests.swift */,
				99CFDF692486836F0016244A /* Info.plist */,
			);
			path = ReactivePicturesTests;
			sourceTree = "<group>";
		};
		CE6CC5FD27EFDE3496BD4189 /* Frameworks */ = {
			isa = PBXGroup;
			children = (
				8AE8AC511E2DF6FECB4950A8 /* Pods_ReactivePictures.framework */,
				EEFD09A370CD10828B011290 /* Pods_ReactivePicturesTests.framework */,
			);
			name = Frameworks;
			sourceTree = "<group>";
		};
/* End PBXGroup section */

/* Begin PBXNativeTarget section */
		99CFDF4C2486836B0016244A /* ReactivePictures */ = {
			isa = PBXNativeTarget;
			buildConfigurationList = 99CFDF6C2486836F0016244A /* Build configuration list for PBXNativeTarget "ReactivePictures" */;
			buildPhases = (
				9FB7C994AD66E9B05ABFDD16 /* [CP] Check Pods Manifest.lock */,
				99CFDF492486836B0016244A /* Sources */,
				99CFDF4A2486836B0016244A /* Frameworks */,
				99CFDF4B2486836B0016244A /* Resources */,
				4CF03A184495E1CDB523CB54 /* [CP] Embed Pods Frameworks */,
			);
			buildRules = (
			);
			dependencies = (
			);
			name = ReactivePictures;
			productName = ReactivePictures;
			productReference = 99CFDF4D2486836B0016244A /* ReactivePictures.app */;
			productType = "com.apple.product-type.application";
		};
		99CFDF622486836F0016244A /* ReactivePicturesTests */ = {
			isa = PBXNativeTarget;
			buildConfigurationList = 99CFDF6F2486836F0016244A /* Build configuration list for PBXNativeTarget "ReactivePicturesTests" */;
			buildPhases = (
				9D28E71F2F68CEF81AAE9E58 /* [CP] Check Pods Manifest.lock */,
				99CFDF5F2486836F0016244A /* Sources */,
				99CFDF602486836F0016244A /* Frameworks */,
				99CFDF612486836F0016244A /* Resources */,
			);
			buildRules = (
			);
			dependencies = (
				99CFDF652486836F0016244A /* PBXTargetDependency */,
			);
			name = ReactivePicturesTests;
			productName = ReactivePicturesTests;
			productReference = 99CFDF632486836F0016244A /* ReactivePicturesTests.xctest */;
			productType = "com.apple.product-type.bundle.unit-test";
		};
/* End PBXNativeTarget section */

/* Begin PBXProject section */
		99CFDF452486836B0016244A /* Project object */ = {
			isa = PBXProject;
			attributes = {
				LastSwiftUpdateCheck = 1150;
				LastUpgradeCheck = 1150;
				ORGANIZATIONNAME = "Amg-Gauthier";
				TargetAttributes = {
					99CFDF4C2486836B0016244A = {
						CreatedOnToolsVersion = 11.5;
					};
					99CFDF622486836F0016244A = {
						CreatedOnToolsVersion = 11.5;
						TestTargetID = 99CFDF4C2486836B0016244A;
					};
				};
			};
			buildConfigurationList = 99CFDF482486836B0016244A /* Build configuration list for PBXProject "ReactivePictures" */;
			compatibilityVersion = "Xcode 9.3";
			developmentRegion = en;
			hasScannedForEncodings = 0;
			knownRegions = (
				en,
				Base,
			);
			mainGroup = 99CFDF442486836B0016244A;
			productRefGroup = 99CFDF4E2486836B0016244A /* Products */;
			projectDirPath = "";
			projectRoot = "";
			targets = (
				99CFDF4C2486836B0016244A /* ReactivePictures */,
				99CFDF622486836F0016244A /* ReactivePicturesTests */,
			);
		};
/* End PBXProject section */

/* Begin PBXResourcesBuildPhase section */
		99CFDF4B2486836B0016244A /* Resources */ = {
			isa = PBXResourcesBuildPhase;
			buildActionMask = 2147483647;
			files = (
				994FAA2D24869A1F00024BBF /* PhotosViewController.xib in Resources */,
				99CFDF5D2486836E0016244A /* LaunchScreen.storyboard in Resources */,
				99CFDF5A2486836E0016244A /* Assets.xcassets in Resources */,
			);
			runOnlyForDeploymentPostprocessing = 0;
		};
		99CFDF612486836F0016244A /* Resources */ = {
			isa = PBXResourcesBuildPhase;
			buildActionMask = 2147483647;
			files = (
			);
			runOnlyForDeploymentPostprocessing = 0;
		};
/* End PBXResourcesBuildPhase section */

/* Begin PBXShellScriptBuildPhase section */
		4CF03A184495E1CDB523CB54 /* [CP] Embed Pods Frameworks */ = {
			isa = PBXShellScriptBuildPhase;
			buildActionMask = 2147483647;
			files = (
			);
			inputFileListPaths = (
				"${PODS_ROOT}/Target Support Files/Pods-ReactivePictures/Pods-ReactivePictures-frameworks-${CONFIGURATION}-input-files.xcfilelist",
			);
			name = "[CP] Embed Pods Frameworks";
			outputFileListPaths = (
				"${PODS_ROOT}/Target Support Files/Pods-ReactivePictures/Pods-ReactivePictures-frameworks-${CONFIGURATION}-output-files.xcfilelist",
			);
			runOnlyForDeploymentPostprocessing = 0;
			shellPath = /bin/sh;
			shellScript = "\"${PODS_ROOT}/Target Support Files/Pods-ReactivePictures/Pods-ReactivePictures-frameworks.sh\"\n";
			showEnvVarsInLog = 0;
		};
		9D28E71F2F68CEF81AAE9E58 /* [CP] Check Pods Manifest.lock */ = {
			isa = PBXShellScriptBuildPhase;
			buildActionMask = 2147483647;
			files = (
			);
			inputFileListPaths = (
			);
			inputPaths = (
				"${PODS_PODFILE_DIR_PATH}/Podfile.lock",
				"${PODS_ROOT}/Manifest.lock",
			);
			name = "[CP] Check Pods Manifest.lock";
			outputFileListPaths = (
			);
			outputPaths = (
				"$(DERIVED_FILE_DIR)/Pods-ReactivePicturesTests-checkManifestLockResult.txt",
			);
			runOnlyForDeploymentPostprocessing = 0;
			shellPath = /bin/sh;
			shellScript = "diff \"${PODS_PODFILE_DIR_PATH}/Podfile.lock\" \"${PODS_ROOT}/Manifest.lock\" > /dev/null\nif [ $? != 0 ] ; then\n    # print error to STDERR\n    echo \"error: The sandbox is not in sync with the Podfile.lock. Run 'pod install' or update your CocoaPods installation.\" >&2\n    exit 1\nfi\n# This output is used by Xcode 'outputs' to avoid re-running this script phase.\necho \"SUCCESS\" > \"${SCRIPT_OUTPUT_FILE_0}\"\n";
			showEnvVarsInLog = 0;
		};
		9FB7C994AD66E9B05ABFDD16 /* [CP] Check Pods Manifest.lock */ = {
			isa = PBXShellScriptBuildPhase;
			buildActionMask = 2147483647;
			files = (
			);
			inputFileListPaths = (
			);
			inputPaths = (
				"${PODS_PODFILE_DIR_PATH}/Podfile.lock",
				"${PODS_ROOT}/Manifest.lock",
			);
			name = "[CP] Check Pods Manifest.lock";
			outputFileListPaths = (
			);
			outputPaths = (
				"$(DERIVED_FILE_DIR)/Pods-ReactivePictures-checkManifestLockResult.txt",
			);
			runOnlyForDeploymentPostprocessing = 0;
			shellPath = /bin/sh;
			shellScript = "diff \"${PODS_PODFILE_DIR_PATH}/Podfile.lock\" \"${PODS_ROOT}/Manifest.lock\" > /dev/null\nif [ $? != 0 ] ; then\n    # print error to STDERR\n    echo \"error: The sandbox is not in sync with the Podfile.lock. Run 'pod install' or update your CocoaPods installation.\" >&2\n    exit 1\nfi\n# This output is used by Xcode 'outputs' to avoid re-running this script phase.\necho \"SUCCESS\" > \"${SCRIPT_OUTPUT_FILE_0}\"\n";
			showEnvVarsInLog = 0;
		};
/* End PBXShellScriptBuildPhase section */

/* Begin PBXSourcesBuildPhase section */
		99CFDF492486836B0016244A /* Sources */ = {
			isa = PBXSourcesBuildPhase;
			buildActionMask = 2147483647;
			files = (
				99CFDF512486836B0016244A /* AppDelegate.swift in Sources */,
				99AFE69A2487D37D002F9868 /* NetworkError.swift in Sources */,
				994FAA132486857800024BBF /* AppCoordinator.swift in Sources */,
				99AFE6A02487D752002F9868 /* Dimensions.swift in Sources */,
				99AFE6962487D316002F9868 /* BaseUrls.swift in Sources */,
				99AFE69E2487D531002F9868 /* UnsplashEndpoints.swift in Sources */,
				994FAA352486D0E900024BBF /* DataToImageService.swift in Sources */,
				994FAA312486D09700024BBF /* UnsplashPhotosService.swift in Sources */,
				994FAA272486970A00024BBF /* Coordinator.swift in Sources */,
				994FAA332486D0D000024BBF /* DataLoadingService.swift in Sources */,
				994FAA102486851E00024BBF /* APIKeys.swift in Sources */,
				994FAA2C24869A1F00024BBF /* PhotosViewController.swift in Sources */,
				994FAA2F24869BBD00024BBF /* PhotosViewModelImplementation.swift in Sources */,
				99AFE69C2487D3A8002F9868 /* NetworkClient.swift in Sources */,
				99CFDF532486836B0016244A /* SceneDelegate.swift in Sources */,
				994FAA292486976F00024BBF /* PhotosCoordinator.swift in Sources */,
				99AFE6982487D365002F9868 /* UnsplashPhoto.swift in Sources */,
			);
			runOnlyForDeploymentPostprocessing = 0;
		};
		99CFDF5F2486836F0016244A /* Sources */ = {
			isa = PBXSourcesBuildPhase;
			buildActionMask = 2147483647;
			files = (
				99CFDF682486836F0016244A /* ReactivePicturesTests.swift in Sources */,
			);
			runOnlyForDeploymentPostprocessing = 0;
		};
/* End PBXSourcesBuildPhase section */

/* Begin PBXTargetDependency section */
		99CFDF652486836F0016244A /* PBXTargetDependency */ = {
			isa = PBXTargetDependency;
			target = 99CFDF4C2486836B0016244A /* ReactivePictures */;
			targetProxy = 99CFDF642486836F0016244A /* PBXContainerItemProxy */;
		};
/* End PBXTargetDependency section */

/* Begin PBXVariantGroup section */
		99CFDF5B2486836E0016244A /* LaunchScreen.storyboard */ = {
			isa = PBXVariantGroup;
			children = (
				99CFDF5C2486836E0016244A /* Base */,
			);
			name = LaunchScreen.storyboard;
			sourceTree = "<group>";
		};
/* End PBXVariantGroup section */

/* Begin XCBuildConfiguration section */
		99CFDF6A2486836F0016244A /* Debug */ = {
			isa = XCBuildConfiguration;
			buildSettings = {
				ALWAYS_SEARCH_USER_PATHS = NO;
				CLANG_ANALYZER_NONNULL = YES;
				CLANG_ANALYZER_NUMBER_OBJECT_CONVERSION = YES_AGGRESSIVE;
				CLANG_CXX_LANGUAGE_STANDARD = "gnu++14";
				CLANG_CXX_LIBRARY = "libc++";
				CLANG_ENABLE_MODULES = YES;
				CLANG_ENABLE_OBJC_ARC = YES;
				CLANG_ENABLE_OBJC_WEAK = YES;
				CLANG_WARN_BLOCK_CAPTURE_AUTORELEASING = YES;
				CLANG_WARN_BOOL_CONVERSION = YES;
				CLANG_WARN_COMMA = YES;
				CLANG_WARN_CONSTANT_CONVERSION = YES;
				CLANG_WARN_DEPRECATED_OBJC_IMPLEMENTATIONS = YES;
				CLANG_WARN_DIRECT_OBJC_ISA_USAGE = YES_ERROR;
				CLANG_WARN_DOCUMENTATION_COMMENTS = YES;
				CLANG_WARN_EMPTY_BODY = YES;
				CLANG_WARN_ENUM_CONVERSION = YES;
				CLANG_WARN_INFINITE_RECURSION = YES;
				CLANG_WARN_INT_CONVERSION = YES;
				CLANG_WARN_NON_LITERAL_NULL_CONVERSION = YES;
				CLANG_WARN_OBJC_IMPLICIT_RETAIN_SELF = YES;
				CLANG_WARN_OBJC_LITERAL_CONVERSION = YES;
				CLANG_WARN_OBJC_ROOT_CLASS = YES_ERROR;
				CLANG_WARN_RANGE_LOOP_ANALYSIS = YES;
				CLANG_WARN_STRICT_PROTOTYPES = YES;
				CLANG_WARN_SUSPICIOUS_MOVE = YES;
				CLANG_WARN_UNGUARDED_AVAILABILITY = YES_AGGRESSIVE;
				CLANG_WARN_UNREACHABLE_CODE = YES;
				CLANG_WARN__DUPLICATE_METHOD_MATCH = YES;
				COPY_PHASE_STRIP = NO;
				DEBUG_INFORMATION_FORMAT = dwarf;
				ENABLE_STRICT_OBJC_MSGSEND = YES;
				ENABLE_TESTABILITY = YES;
				GCC_C_LANGUAGE_STANDARD = gnu11;
				GCC_DYNAMIC_NO_PIC = NO;
				GCC_NO_COMMON_BLOCKS = YES;
				GCC_OPTIMIZATION_LEVEL = 0;
				GCC_PREPROCESSOR_DEFINITIONS = (
					"DEBUG=1",
					"$(inherited)",
				);
				GCC_WARN_64_TO_32_BIT_CONVERSION = YES;
				GCC_WARN_ABOUT_RETURN_TYPE = YES_ERROR;
				GCC_WARN_UNDECLARED_SELECTOR = YES;
				GCC_WARN_UNINITIALIZED_AUTOS = YES_AGGRESSIVE;
				GCC_WARN_UNUSED_FUNCTION = YES;
				GCC_WARN_UNUSED_VARIABLE = YES;
				IPHONEOS_DEPLOYMENT_TARGET = 13.0;
				MTL_ENABLE_DEBUG_INFO = INCLUDE_SOURCE;
				MTL_FAST_MATH = YES;
				ONLY_ACTIVE_ARCH = YES;
				SDKROOT = iphoneos;
				SWIFT_ACTIVE_COMPILATION_CONDITIONS = DEBUG;
				SWIFT_OPTIMIZATION_LEVEL = "-Onone";
			};
			name = Debug;
		};
		99CFDF6B2486836F0016244A /* Release */ = {
			isa = XCBuildConfiguration;
			buildSettings = {
				ALWAYS_SEARCH_USER_PATHS = NO;
				CLANG_ANALYZER_NONNULL = YES;
				CLANG_ANALYZER_NUMBER_OBJECT_CONVERSION = YES_AGGRESSIVE;
				CLANG_CXX_LANGUAGE_STANDARD = "gnu++14";
				CLANG_CXX_LIBRARY = "libc++";
				CLANG_ENABLE_MODULES = YES;
				CLANG_ENABLE_OBJC_ARC = YES;
				CLANG_ENABLE_OBJC_WEAK = YES;
				CLANG_WARN_BLOCK_CAPTURE_AUTORELEASING = YES;
				CLANG_WARN_BOOL_CONVERSION = YES;
				CLANG_WARN_COMMA = YES;
				CLANG_WARN_CONSTANT_CONVERSION = YES;
				CLANG_WARN_DEPRECATED_OBJC_IMPLEMENTATIONS = YES;
				CLANG_WARN_DIRECT_OBJC_ISA_USAGE = YES_ERROR;
				CLANG_WARN_DOCUMENTATION_COMMENTS = YES;
				CLANG_WARN_EMPTY_BODY = YES;
				CLANG_WARN_ENUM_CONVERSION = YES;
				CLANG_WARN_INFINITE_RECURSION = YES;
				CLANG_WARN_INT_CONVERSION = YES;
				CLANG_WARN_NON_LITERAL_NULL_CONVERSION = YES;
				CLANG_WARN_OBJC_IMPLICIT_RETAIN_SELF = YES;
				CLANG_WARN_OBJC_LITERAL_CONVERSION = YES;
				CLANG_WARN_OBJC_ROOT_CLASS = YES_ERROR;
				CLANG_WARN_RANGE_LOOP_ANALYSIS = YES;
				CLANG_WARN_STRICT_PROTOTYPES = YES;
				CLANG_WARN_SUSPICIOUS_MOVE = YES;
				CLANG_WARN_UNGUARDED_AVAILABILITY = YES_AGGRESSIVE;
				CLANG_WARN_UNREACHABLE_CODE = YES;
				CLANG_WARN__DUPLICATE_METHOD_MATCH = YES;
				COPY_PHASE_STRIP = NO;
				DEBUG_INFORMATION_FORMAT = "dwarf-with-dsym";
				ENABLE_NS_ASSERTIONS = NO;
				ENABLE_STRICT_OBJC_MSGSEND = YES;
				GCC_C_LANGUAGE_STANDARD = gnu11;
				GCC_NO_COMMON_BLOCKS = YES;
				GCC_WARN_64_TO_32_BIT_CONVERSION = YES;
				GCC_WARN_ABOUT_RETURN_TYPE = YES_ERROR;
				GCC_WARN_UNDECLARED_SELECTOR = YES;
				GCC_WARN_UNINITIALIZED_AUTOS = YES_AGGRESSIVE;
				GCC_WARN_UNUSED_FUNCTION = YES;
				GCC_WARN_UNUSED_VARIABLE = YES;
				IPHONEOS_DEPLOYMENT_TARGET = 13.0;
				MTL_ENABLE_DEBUG_INFO = NO;
				MTL_FAST_MATH = YES;
				SDKROOT = iphoneos;
				SWIFT_COMPILATION_MODE = wholemodule;
				SWIFT_OPTIMIZATION_LEVEL = "-O";
				VALIDATE_PRODUCT = YES;
			};
			name = Release;
		};
		99CFDF6D2486836F0016244A /* Debug */ = {
			isa = XCBuildConfiguration;
			baseConfigurationReference = 17CD4B1BBB0325010C36A630 /* Pods-ReactivePictures.debug.xcconfig */;
			buildSettings = {
				ASSETCATALOG_COMPILER_APPICON_NAME = AppIcon;
				CODE_SIGN_STYLE = Automatic;
				DEVELOPMENT_TEAM = P8N8P57QSQ;
				INFOPLIST_FILE = "$(SRCROOT)/ReactivePictures/CoreLayer/Resources/Info.plist";
				IPHONEOS_DEPLOYMENT_TARGET = 13.0;
				LD_RUNPATH_SEARCH_PATHS = (
					"$(inherited)",
					"@executable_path/Frameworks",
				);
				PRODUCT_BUNDLE_IDENTIFIER = fr.amgGauthier.ReactivePictures;
				PRODUCT_NAME = "$(TARGET_NAME)";
				SWIFT_VERSION = 5.0;
				TARGETED_DEVICE_FAMILY = "1,2";
			};
			name = Debug;
		};
		99CFDF6E2486836F0016244A /* Release */ = {
			isa = XCBuildConfiguration;
			baseConfigurationReference = C99AA2FD01A1CEC4BE641A17 /* Pods-ReactivePictures.release.xcconfig */;
			buildSettings = {
				ASSETCATALOG_COMPILER_APPICON_NAME = AppIcon;
				CODE_SIGN_STYLE = Automatic;
				DEVELOPMENT_TEAM = P8N8P57QSQ;
				INFOPLIST_FILE = "$(SRCROOT)/ReactivePictures/CoreLayer/Resources/Info.plist";
				IPHONEOS_DEPLOYMENT_TARGET = 13.0;
				LD_RUNPATH_SEARCH_PATHS = (
					"$(inherited)",
					"@executable_path/Frameworks",
				);
				PRODUCT_BUNDLE_IDENTIFIER = fr.amgGauthier.ReactivePictures;
				PRODUCT_NAME = "$(TARGET_NAME)";
				SWIFT_VERSION = 5.0;
				TARGETED_DEVICE_FAMILY = "1,2";
			};
			name = Release;
		};
		99CFDF702486836F0016244A /* Debug */ = {
			isa = XCBuildConfiguration;
			baseConfigurationReference = 336BCD33540A58C53C50C799 /* Pods-ReactivePicturesTests.debug.xcconfig */;
			buildSettings = {
				ALWAYS_EMBED_SWIFT_STANDARD_LIBRARIES = YES;
				BUNDLE_LOADER = "$(TEST_HOST)";
				CODE_SIGN_STYLE = Automatic;
				DEVELOPMENT_TEAM = P8N8P57QSQ;
				INFOPLIST_FILE = ReactivePicturesTests/Info.plist;
				IPHONEOS_DEPLOYMENT_TARGET = 13.5;
				LD_RUNPATH_SEARCH_PATHS = (
					"$(inherited)",
					"@executable_path/Frameworks",
					"@loader_path/Frameworks",
				);
				PRODUCT_BUNDLE_IDENTIFIER = fr.amgGauthier.ReactivePicturesTests;
				PRODUCT_NAME = "$(TARGET_NAME)";
				SWIFT_VERSION = 5.0;
				TARGETED_DEVICE_FAMILY = "1,2";
				TEST_HOST = "$(BUILT_PRODUCTS_DIR)/ReactivePictures.app/ReactivePictures";
			};
			name = Debug;
		};
		99CFDF712486836F0016244A /* Release */ = {
			isa = XCBuildConfiguration;
			baseConfigurationReference = FEC2C8EC53D5CA9DD1985D1E /* Pods-ReactivePicturesTests.release.xcconfig */;
			buildSettings = {
				ALWAYS_EMBED_SWIFT_STANDARD_LIBRARIES = YES;
				BUNDLE_LOADER = "$(TEST_HOST)";
				CODE_SIGN_STYLE = Automatic;
				DEVELOPMENT_TEAM = P8N8P57QSQ;
				INFOPLIST_FILE = ReactivePicturesTests/Info.plist;
				IPHONEOS_DEPLOYMENT_TARGET = 13.5;
				LD_RUNPATH_SEARCH_PATHS = (
					"$(inherited)",
					"@executable_path/Frameworks",
					"@loader_path/Frameworks",
				);
				PRODUCT_BUNDLE_IDENTIFIER = fr.amgGauthier.ReactivePicturesTests;
				PRODUCT_NAME = "$(TARGET_NAME)";
				SWIFT_VERSION = 5.0;
				TARGETED_DEVICE_FAMILY = "1,2";
				TEST_HOST = "$(BUILT_PRODUCTS_DIR)/ReactivePictures.app/ReactivePictures";
			};
			name = Release;
		};
/* End XCBuildConfiguration section */

/* Begin XCConfigurationList section */
		99CFDF482486836B0016244A /* Build configuration list for PBXProject "ReactivePictures" */ = {
			isa = XCConfigurationList;
			buildConfigurations = (
				99CFDF6A2486836F0016244A /* Debug */,
				99CFDF6B2486836F0016244A /* Release */,
			);
			defaultConfigurationIsVisible = 0;
			defaultConfigurationName = Release;
		};
		99CFDF6C2486836F0016244A /* Build configuration list for PBXNativeTarget "ReactivePictures" */ = {
			isa = XCConfigurationList;
			buildConfigurations = (
				99CFDF6D2486836F0016244A /* Debug */,
				99CFDF6E2486836F0016244A /* Release */,
			);
			defaultConfigurationIsVisible = 0;
			defaultConfigurationName = Release;
		};
		99CFDF6F2486836F0016244A /* Build configuration list for PBXNativeTarget "ReactivePicturesTests" */ = {
			isa = XCConfigurationList;
			buildConfigurations = (
				99CFDF702486836F0016244A /* Debug */,
				99CFDF712486836F0016244A /* Release */,
			);
			defaultConfigurationIsVisible = 0;
			defaultConfigurationName = Release;
		};
/* End XCConfigurationList section */
	};
	rootObject = 99CFDF452486836B0016244A /* Project object */;
}
